{
  "version": 4,
  "terraform_version": "1.14.4",
  "serial": 131,
  "lineage": "00722e40-5986-d4f1-a6ad-337c869e6e58",
  "outputs": {},
  "resources": [
    {
      "module": "module.mydumper",
      "mode": "managed",
      "type": "docker_container",
      "name": "mydumper",
      "provider": "provider[\"registry.terraform.io/kreuzwerker/docker\"]",
      "instances": [
        {
          "index_key": 0,
          "schema_version": 2,
          "attributes": {
            "attach": false,
            "bridge": "",
            "capabilities": [],
            "cgroup_parent": null,
            "cgroupns_mode": null,
            "command": [
              "sh",
              "-c",
              "myloader -h 127.0.0.1 -u root --password 'p@ssword' -B hello-world -d /backups"
            ],
            "container_logs": null,
            "container_read_refresh_timeout_milliseconds": 15000,
            "cpu_period": null,
            "cpu_quota": null,
            "cpu_set": "",
            "cpu_shares": 0,
            "cpus": null,
            "destroy_grace_seconds": null,
            "devices": [],
            "dns": null,
            "dns_opts": null,
            "dns_search": null,
            "domainname": "",
            "entrypoint": [],
            "env": [],
            "exit_code": 0,
            "gpus": null,
            "group_add": null,
            "healthcheck": null,
            "host": [],
            "hostname": "iZuf6b8xro0h6lud1xp27xZ",
            "id": "0178f635264ec93f6225040f5f1a8a1513395853b50524f5d5c89f898066dbf3",
            "image": "sha256:c933e1d43362947e3d607651b49d8d0e2456ecaf183839679d9a95e1e5b63ac1",
            "init": false,
            "ipc_mode": "private",
            "labels": [],
            "log_driver": "json-file",
            "log_opts": null,
            "logs": false,
            "max_retry_count": 0,
            "memory": 0,
            "memory_swap": 0,
            "mounts": [],
            "must_run": false,
            "name": "hello-world-myloader",
            "network_data": [
              {
                "gateway": "",
                "global_ipv6_address": "",
                "global_ipv6_prefix_length": 0,
                "ip_address": "",
                "ip_prefix_length": 0,
                "ipv6_gateway": "",
                "mac_address": "",
                "network_name": "host"
              }
            ],
            "network_mode": "host",
            "networks_advanced": [],
            "pid_mode": "",
            "ports": [],
            "privileged": true,
            "publish_all_ports": false,
            "read_only": false,
            "remove_volumes": true,
            "restart": "no",
            "rm": false,
            "runtime": "runc",
            "security_opts": [
              "label=disable"
            ],
            "shm_size": 64,
            "start": true,
            "stdin_open": false,
            "stop_signal": "",
            "stop_timeout": 0,
            "storage_opts": null,
            "sysctls": null,
            "tmpfs": null,
            "tty": false,
            "ulimit": [],
            "upload": [],
            "user": "",
            "userns_mode": "",
            "volumes": [
              {
                "container_path": "/backups",
                "from_container": "",
                "host_path": "/tmp/terraform-codex/backups",
                "read_only": false,
                "volume_name": ""
              }
            ],
            "wait": false,
            "wait_timeout": 60,
            "working_dir": "/"
          },
          "sensitive_attributes": [],
          "identity_schema_version": 0,
          "private": "eyJzY2hlbWFfdmVyc2lvbiI6IjIifQ==",
          "dependencies": [
            "module.mydumper.docker_image.mydumper",
            "module.mydumper.null_resource.ensure_backups_dir",
            "module.mydumper.null_resource.stage_backups",
            "module.mydumper.null_resource.wait_for_mysql_health",
            "module.mysql.docker_container.mysql",
            "module.mysql.docker_image.mysql"
          ]
        }
      ]
    },
    {
      "module": "module.mydumper",
      "mode": "managed",
      "type": "docker_image",
      "name": "mydumper",
      "provider": "provider[\"registry.terraform.io/kreuzwerker/docker\"]",
      "instances": [
        {
          "schema_version": 0,
          "attributes": {
            "build": [],
            "force_remove": null,
            "id": "sha256:c933e1d43362947e3d607651b49d8d0e2456ecaf183839679d9a95e1e5b63ac1docker.1ms.run/mydumper/mydumper:latest",
            "image_id": "sha256:c933e1d43362947e3d607651b49d8d0e2456ecaf183839679d9a95e1e5b63ac1",
            "keep_locally": null,
            "name": "docker.1ms.run/mydumper/mydumper:latest",
            "platform": null,
            "pull_triggers": null,
            "repo_digest": "docker.1ms.run/mydumper/mydumper@sha256:846a2fc99394f4df577234a0f1eb7c0c0962305f5bc73cb77c8ca9962a8fe382",
            "timeouts": null,
            "triggers": null
          },
          "sensitive_attributes": [],
          "identity_schema_version": 0,
          "private": "eyJlMmJmYjczMC1lY2FhLTExZTYtOGY4OC0zNDM2M2JjN2M0YzAiOnsiY3JlYXRlIjoxMjAwMDAwMDAwMDAwLCJkZWxldGUiOjEyMDAwMDAwMDAwMDAsInVwZGF0ZSI6MTIwMDAwMDAwMDAwMH19",
          "dependencies": [
            "module.mysql.docker_container.mysql",
            "module.mysql.docker_image.mysql"
          ]
        }
      ]
    },
    {
      "module": "module.mydumper",
      "mode": "managed",
      "type": "null_resource",
      "name": "ensure_backups_dir",
      "provider": "provider[\"registry.terraform.io/hashicorp/null\"]",
      "instances": [
        {
          "index_key": 0,
          "schema_version": 0,
          "attributes": {
            "id": "3778433558866911572",
            "triggers": null
          },
          "sensitive_attributes": [],
          "identity_schema_version": 0,
          "dependencies": [
            "module.mysql.docker_container.mysql",
            "module.mysql.docker_image.mysql"
          ]
        }
      ]
    },
    {
      "module": "module.mydumper",
      "mode": "managed",
      "type": "null_resource",
      "name": "show_restore_logs",
      "provider": "provider[\"registry.terraform.io/hashicorp/null\"]",
      "instances": [
        {
          "index_key": 0,
          "schema_version": 0,
          "attributes": {
            "id": "1571401707513571039",
            "triggers": null
          },
          "sensitive_attributes": [],
          "identity_schema_version": 0,
          "dependencies": [
            "module.mydumper.docker_container.mydumper",
            "module.mydumper.docker_image.mydumper",
            "module.mydumper.null_resource.ensure_backups_dir",
            "module.mydumper.null_resource.stage_backups",
            "module.mydumper.null_resource.wait_for_mysql_health",
            "module.mysql.docker_container.mysql",
            "module.mysql.docker_image.mysql"
          ]
        }
      ]
    },
    {
      "module": "module.mydumper",
      "mode": "managed",
      "type": "null_resource",
      "name": "stage_backups",
      "provider": "provider[\"registry.terraform.io/hashicorp/null\"]",
      "instances": [
        {
          "index_key": 0,
          "schema_version": 0,
          "attributes": {
            "id": "3089745400340852655",
            "triggers": {
              "backup_fingerprint": "81078298ba5294553ccf284d45ce3f69142ce2dc24039b88bb93798b4c5dd575"
            }
          },
          "sensitive_attributes": [],
          "identity_schema_version": 0,
          "dependencies": [
            "module.mysql.docker_container.mysql",
            "module.mysql.docker_image.mysql"
          ]
        }
      ]
    },
    {
      "module": "module.mydumper",
      "mode": "managed",
      "type": "null_resource",
      "name": "wait_for_mysql_health",
      "provider": "provider[\"registry.terraform.io/hashicorp/null\"]",
      "instances": [
        {
          "schema_version": 0,
          "attributes": {
            "id": "936341990232881600",
            "triggers": {
              "mysql_container_id": "687c52148167da812c4fd5fc6a8bc55be55a7a8000853875fffc91d1f9ce5656"
            }
          },
          "sensitive_attributes": [],
          "identity_schema_version": 0,
          "dependencies": [
            "module.mysql.docker_container.mysql",
            "module.mysql.docker_image.mysql"
          ]
        }
      ]
    },
    {
      "module": "module.mysql",
      "mode": "managed",
      "type": "docker_container",
      "name": "mysql",
      "provider": "provider[\"registry.terraform.io/kreuzwerker/docker\"]",
      "instances": [
        {
          "schema_version": 2,
          "attributes": {
            "attach": false,
            "bridge": "",
            "capabilities": [],
            "cgroup_parent": null,
            "cgroupns_mode": null,
            "command": [
              "mysqld"
            ],
            "container_logs": null,
            "container_read_refresh_timeout_milliseconds": 15000,
            "cpu_period": null,
            "cpu_quota": null,
            "cpu_set": "",
            "cpu_shares": 0,
            "cpus": null,
            "destroy_grace_seconds": null,
            "devices": [],
            "dns": [],
            "dns_opts": [],
            "dns_search": [],
            "domainname": "",
            "entrypoint": [
              "docker-entrypoint.sh"
            ],
            "env": [
              "MYSQL_DATABASE=hello-world",
              "MYSQL_ROOT_PASSWORD=p@ssword"
            ],
            "exit_code": null,
            "gpus": null,
            "group_add": [],
            "healthcheck": [
              {
                "interval": "5s",
                "retries": 20,
                "start_interval": "0s",
                "start_period": "5s",
                "test": [
                  "CMD-SHELL",
                  "mysqladmin ping -h 127.0.0.1 -uroot -pp@ssword --silent"
                ],
                "timeout": "2s"
              }
            ],
            "host": [],
            "hostname": "iZuf6b8xro0h6lud1xp27xZ",
            "id": "687c52148167da812c4fd5fc6a8bc55be55a7a8000853875fffc91d1f9ce5656",
            "image": "sha256:412b8cc72e4a28e086097c3fcb1ca391beaefe86bc421a57bc53f7596461ce3b",
            "init": false,
            "ipc_mode": "private",
            "labels": [],
            "log_driver": "json-file",
            "log_opts": {},
            "logs": false,
            "max_retry_count": 0,
            "memory": 0,
            "memory_swap": 0,
            "mounts": [],
            "must_run": true,
            "name": "hello-world-mysql",
            "network_data": [
              {
                "gateway": "",
                "global_ipv6_address": "",
                "global_ipv6_prefix_length": 0,
                "ip_address": "",
                "ip_prefix_length": 0,
                "ipv6_gateway": "",
                "mac_address": "",
                "network_name": "host"
              }
            ],
            "network_mode": "host",
            "networks_advanced": [],
            "pid_mode": "",
            "ports": [],
            "privileged": false,
            "publish_all_ports": false,
            "read_only": false,
            "remove_volumes": true,
            "restart": "always",
            "rm": false,
            "runtime": "runc",
            "security_opts": [],
            "shm_size": 64,
            "start": true,
            "stdin_open": false,
            "stop_signal": "",
            "stop_timeout": 0,
            "storage_opts": {},
            "sysctls": {},
            "tmpfs": {},
            "tty": false,
            "ulimit": [],
            "upload": [],
            "user": "",
            "userns_mode": "",
            "volumes": [],
            "wait": false,
            "wait_timeout": 60,
            "working_dir": ""
          },
          "sensitive_attributes": [],
          "identity_schema_version": 0,
          "private": "eyJzY2hlbWFfdmVyc2lvbiI6IjIifQ==",
          "dependencies": [
            "module.mysql.docker_image.mysql"
          ]
        }
      ]
    },
    {
      "module": "module.mysql",
      "mode": "managed",
      "type": "docker_image",
      "name": "mysql",
      "provider": "provider[\"registry.terraform.io/kreuzwerker/docker\"]",
      "instances": [
        {
          "schema_version": 0,
          "attributes": {
            "build": [],
            "force_remove": null,
            "id": "sha256:412b8cc72e4a28e086097c3fcb1ca391beaefe86bc421a57bc53f7596461ce3bdocker.1ms.run/library/mysql:8.0.32",
            "image_id": "sha256:412b8cc72e4a28e086097c3fcb1ca391beaefe86bc421a57bc53f7596461ce3b",
            "keep_locally": null,
            "name": "docker.1ms.run/library/mysql:8.0.32",
            "platform": null,
            "pull_triggers": null,
            "repo_digest": "docker.1ms.run/library/mysql@sha256:f496c25da703053a6e0717f1d52092205775304ea57535cc9fcaa6f35867800b",
            "timeouts": null,
            "triggers": null
          },
          "sensitive_attributes": [],
          "identity_schema_version": 0,
          "private": "eyJlMmJmYjczMC1lY2FhLTExZTYtOGY4OC0zNDM2M2JjN2M0YzAiOnsiY3JlYXRlIjoxMjAwMDAwMDAwMDAwLCJkZWxldGUiOjEyMDAwMDAwMDAwMDAsInVwZGF0ZSI6MTIwMDAwMDAwMDAwMH19"
        }
      ]
    }
  ],
  "check_results": [
    {
      "object_kind": "var",
      "config_addr": "module.mydumper.var.backup_source",
      "status": "pass",
      "objects": [
        {
          "object_addr": "module.mydumper.var.backup_source",
          "status": "pass"
        }
      ]
    }
  ]
}
